
Microsoft Visual Studio Solution File, Format Version 12.00
# Visual Studio Version 16
VisualStudioVersion = 16.0.29613.14
MinimumVisualStudioVersion = 10.0.40219.1
Project("{FAE04EC0-301F-11D3-BF4B-00C04F79EFBC}") = "StanLeeSlackBot.Web", "StanLeeSlackBot.Web\StanLeeSlackBot.Web.csproj", "{4AB8C1EA-43E1-4D73-AB15-27286EEEC0D7}"
EndProject
Global
	GlobalSection(SolutionConfigurationPlatforms) = preSolution
		Debug|Any CPU = Debug|Any CPU
		Release|Any CPU = Release|Any CPU
	EndGlobalSection
	GlobalSection(ProjectConfigurationPlatforms) = postSolution
		{4AB8C1EA-43E1-4D73-AB15-27286EEEC0D7}.Debug|Any CPU.ActiveCfg = Debug|Any CPU
		{4AB8C1EA-43E1-4D73-AB15-27286EEEC0D7}.Debug|Any CPU.Build.0 = Debug|Any CPU
		{4AB8C1EA-43E1-4D73-AB15-27286EEEC0D7}.Release|Any CPU.ActiveCfg = Release|Any CPU
		{4AB8C1EA-43E1-4D73-AB15-27286EEEC0D7}.Release|Any CPU.Build.0 = Release|Any CPU
	EndGlobalSection
	GlobalSection(SolutionProperties) = preSolution
		HideSolutionNode = FALSE
	EndGlobalSection
	GlobalSection(ExtensibilityGlobals) = postSolution
		SolutionGuid = {B15BA55B-9EE3-4EBE-B817-119D03CF77B6}
	EndGlobalSection
EndGlobal
